
Microsoft Visual Studio Solution File, Format Version 12.00
# Visual Studio Version 17
VisualStudioVersion = 17.14.36518.9
MinimumVisualStudioVersion = 10.0.40219.1
Project("{FAE04EC0-301F-11D3-BF4B-00C04F79EFBC}") = "CallingOpenAI", "CallingOpenAI\CallingOpenAI.csproj", "{066BEC02-8027-4A14-8C0F-30EF4847C047}"
EndProject
Project("{FAE04EC0-301F-11D3-BF4B-00C04F79EFBC}") = "WithoutStreaming", "WithoutStreaming\WithoutStreaming.csproj", "{89DE4978-622D-4324-911B-3F4F73DF7313}"
EndProject
Project("{FAE04EC0-301F-11D3-BF4B-00C04F79EFBC}") = "CallOpenAITicketing", "CallOpenAITicketing\CallOpenAITicketing.csproj", "{06B9F375-42CE-4248-BFA9-B96D57C7B716}"
EndProject
Project("{FAE04EC0-301F-11D3-BF4B-00C04F79EFBC}") = "TicketsServerMCP", "TicketsServerMCP\TicketsServerMCP.csproj", "{96BC4E6C-976A-4423-8CE7-074874C03A56}"
EndProject
Project("{FAE04EC0-301F-11D3-BF4B-00C04F79EFBC}") = "ConsoleAppToMcp", "..\ConsoleAppToMcp\ConsoleAppToMcp\ConsoleAppToMcp.csproj", "{88407D40-AF6F-E01C-E263-5D5E4D9FA550}"
EndProject
Project("{FAE04EC0-301F-11D3-BF4B-00C04F79EFBC}") = "ticketing-mcp", "..\..\ticketing-mcp\ticketing-mcp\ticketing-mcp.csproj", "{F68AE0DD-0D3D-8A42-89D0-8F4DDDC384EC}"
EndProject
Project("{2150E333-8FDC-42A3-9474-1A3956D46DE8}") = "STDIO", "STDIO", "{02EA681E-C7D8-13C7-8484-4AC65E1B71E8}"
EndProject
Project("{2150E333-8FDC-42A3-9474-1A3956D46DE8}") = "WEB", "WEB", "{3F6D5234-F82E-4787-A4DC-5E909CBE4710}"
EndProject
Project("{FAE04EC0-301F-11D3-BF4B-00C04F79EFBC}") = "OpenAITicketingWithWebMCP", "OpenAITicketingWithWebMCP\OpenAITicketingWithWebMCP.csproj", "{54E733E6-FF73-45D7-A9F0-BEA2B43D7CEF}"
EndProject
Project("{2150E333-8FDC-42A3-9474-1A3956D46DE8}") = "Server", "Server", "{0096DAA8-B0B8-4347-B57A-5581E4B76510}"
EndProject
Project("{2150E333-8FDC-42A3-9474-1A3956D46DE8}") = "Server", "Server", "{F32A64DB-EBB3-48B1-88D5-28BFA15C27CE}"
EndProject
Project("{FAE04EC0-301F-11D3-BF4B-00C04F79EFBC}") = "TicketsMCPResourcePromptsS", "TicketsMCPResourcePromptsS\TicketsMCPResourcePromptsS.csproj", "{4E245A8F-8135-4F64-8813-D83453970DD6}"
EndProject
Global
	GlobalSection(SolutionConfigurationPlatforms) = preSolution
		Debug|Any CPU = Debug|Any CPU
		Release|Any CPU = Release|Any CPU
	EndGlobalSection
	GlobalSection(ProjectConfigurationPlatforms) = postSolution
		{066BEC02-8027-4A14-8C0F-30EF4847C047}.Debug|Any CPU.ActiveCfg = Debug|Any CPU
		{066BEC02-8027-4A14-8C0F-30EF4847C047}.Debug|Any CPU.Build.0 = Debug|Any CPU
		{066BEC02-8027-4A14-8C0F-30EF4847C047}.Release|Any CPU.ActiveCfg = Release|Any CPU
		{066BEC02-8027-4A14-8C0F-30EF4847C047}.Release|Any CPU.Build.0 = Release|Any CPU
		{89DE4978-622D-4324-911B-3F4F73DF7313}.Debug|Any CPU.ActiveCfg = Debug|Any CPU
		{89DE4978-622D-4324-911B-3F4F73DF7313}.Debug|Any CPU.Build.0 = Debug|Any CPU
		{89DE4978-622D-4324-911B-3F4F73DF7313}.Release|Any CPU.ActiveCfg = Release|Any CPU
		{89DE4978-622D-4324-911B-3F4F73DF7313}.Release|Any CPU.Build.0 = Release|Any CPU
		{06B9F375-42CE-4248-BFA9-B96D57C7B716}.Debug|Any CPU.ActiveCfg = Debug|Any CPU
		{06B9F375-42CE-4248-BFA9-B96D57C7B716}.Debug|Any CPU.Build.0 = Debug|Any CPU
		{06B9F375-42CE-4248-BFA9-B96D57C7B716}.Release|Any CPU.ActiveCfg = Release|Any CPU
		{06B9F375-42CE-4248-BFA9-B96D57C7B716}.Release|Any CPU.Build.0 = Release|Any CPU
		{96BC4E6C-976A-4423-8CE7-074874C03A56}.Debug|Any CPU.ActiveCfg = Debug|Any CPU
		{96BC4E6C-976A-4423-8CE7-074874C03A56}.Debug|Any CPU.Build.0 = Debug|Any CPU
		{96BC4E6C-976A-4423-8CE7-074874C03A56}.Release|Any CPU.ActiveCfg = Release|Any CPU
		{96BC4E6C-976A-4423-8CE7-074874C03A56}.Release|Any CPU.Build.0 = Release|Any CPU
		{88407D40-AF6F-E01C-E263-5D5E4D9FA550}.Debug|Any CPU.ActiveCfg = Debug|Any CPU
		{88407D40-AF6F-E01C-E263-5D5E4D9FA550}.Debug|Any CPU.Build.0 = Debug|Any CPU
		{88407D40-AF6F-E01C-E263-5D5E4D9FA550}.Release|Any CPU.ActiveCfg = Release|Any CPU
		{88407D40-AF6F-E01C-E263-5D5E4D9FA550}.Release|Any CPU.Build.0 = Release|Any CPU
		{F68AE0DD-0D3D-8A42-89D0-8F4DDDC384EC}.Debug|Any CPU.ActiveCfg = Debug|Any CPU
		{F68AE0DD-0D3D-8A42-89D0-8F4DDDC384EC}.Debug|Any CPU.Build.0 = Debug|Any CPU
		{F68AE0DD-0D3D-8A42-89D0-8F4DDDC384EC}.Release|Any CPU.ActiveCfg = Release|Any CPU
		{F68AE0DD-0D3D-8A42-89D0-8F4DDDC384EC}.Release|Any CPU.Build.0 = Release|Any CPU
		{54E733E6-FF73-45D7-A9F0-BEA2B43D7CEF}.Debug|Any CPU.ActiveCfg = Debug|Any CPU
		{54E733E6-FF73-45D7-A9F0-BEA2B43D7CEF}.Debug|Any CPU.Build.0 = Debug|Any CPU
		{54E733E6-FF73-45D7-A9F0-BEA2B43D7CEF}.Release|Any CPU.ActiveCfg = Release|Any CPU
		{54E733E6-FF73-45D7-A9F0-BEA2B43D7CEF}.Release|Any CPU.Build.0 = Release|Any CPU
		{4E245A8F-8135-4F64-8813-D83453970DD6}.Debug|Any CPU.ActiveCfg = Debug|Any CPU
		{4E245A8F-8135-4F64-8813-D83453970DD6}.Debug|Any CPU.Build.0 = Debug|Any CPU
		{4E245A8F-8135-4F64-8813-D83453970DD6}.Release|Any CPU.ActiveCfg = Release|Any CPU
		{4E245A8F-8135-4F64-8813-D83453970DD6}.Release|Any CPU.Build.0 = Release|Any CPU
	EndGlobalSection
	GlobalSection(SolutionProperties) = preSolution
		HideSolutionNode = FALSE
	EndGlobalSection
	GlobalSection(NestedProjects) = preSolution
		{066BEC02-8027-4A14-8C0F-30EF4847C047} = {02EA681E-C7D8-13C7-8484-4AC65E1B71E8}
		{89DE4978-622D-4324-911B-3F4F73DF7313} = {02EA681E-C7D8-13C7-8484-4AC65E1B71E8}
		{06B9F375-42CE-4248-BFA9-B96D57C7B716} = {02EA681E-C7D8-13C7-8484-4AC65E1B71E8}
		{96BC4E6C-976A-4423-8CE7-074874C03A56} = {F32A64DB-EBB3-48B1-88D5-28BFA15C27CE}
		{88407D40-AF6F-E01C-E263-5D5E4D9FA550} = {02EA681E-C7D8-13C7-8484-4AC65E1B71E8}
		{F68AE0DD-0D3D-8A42-89D0-8F4DDDC384EC} = {0096DAA8-B0B8-4347-B57A-5581E4B76510}
		{54E733E6-FF73-45D7-A9F0-BEA2B43D7CEF} = {3F6D5234-F82E-4787-A4DC-5E909CBE4710}
		{0096DAA8-B0B8-4347-B57A-5581E4B76510} = {02EA681E-C7D8-13C7-8484-4AC65E1B71E8}
		{F32A64DB-EBB3-48B1-88D5-28BFA15C27CE} = {3F6D5234-F82E-4787-A4DC-5E909CBE4710}
		{4E245A8F-8135-4F64-8813-D83453970DD6} = {F32A64DB-EBB3-48B1-88D5-28BFA15C27CE}
	EndGlobalSection
	GlobalSection(ExtensibilityGlobals) = postSolution
		SolutionGuid = {6926EC71-81C8-41A8-9668-1DFDD9381EBA}
	EndGlobalSection
EndGlobal
